// !$*UTF8*$!
{
	archiveVersion = 1;
	classes = {
	};
	objectVersion = 46;
	objects = {

/* Begin PBXBuildFile section */
		7F1E88DD1A948FDE00D94488 /* MapDepartmentStore.sqlite in Resources */ = {isa = PBXBuildFile; fileRef = 7F1E88DC1A948FDE00D94488 /* MapDepartmentStore.sqlite */; };
		7F1E88E01A958D9800D94488 /* OnlineDetailDSViewController.m in Sources */ = {isa = PBXBuildFile; fileRef = 7F1E88DF1A958D9800D94488 /* OnlineDetailDSViewController.m */; };
		7F1E88E31A95932400D94488 /* OnlineTabBarDSViewController.m in Sources */ = {isa = PBXBuildFile; fileRef = 7F1E88E21A95932400D94488 /* OnlineTabBarDSViewController.m */; };
		7F1E88E61A959CD500D94488 /* OnlineImageDSViewController.m in Sources */ = {isa = PBXBuildFile; fileRef = 7F1E88E51A959CD500D94488 /* OnlineImageDSViewController.m */; };
		7F1E88E91A959D0500D94488 /* OnlineContentDSViewController.m in Sources */ = {isa = PBXBuildFile; fileRef = 7F1E88E81A959D0500D94488 /* OnlineContentDSViewController.m */; };
		7F1E88EC1A95D2BC00D94488 /* OnlineFloorPlanViewController.m in Sources */ = {isa = PBXBuildFile; fileRef = 7F1E88EB1A95D2BC00D94488 /* OnlineFloorPlanViewController.m */; };
		7F1E88EF1A95D30400D94488 /* OnlineCategoryViewController.m in Sources */ = {isa = PBXBuildFile; fileRef = 7F1E88EE1A95D30400D94488 /* OnlineCategoryViewController.m */; };
		7F1E88F91A9640E700D94488 /* Rate-icon.png in Resources */ = {isa = PBXBuildFile; fileRef = 7F1E88F81A9640E700D94488 /* Rate-icon.png */; };
		7F1E88FC1A96418B00D94488 /* OnlineTabBarStoreViewController.m in Sources */ = {isa = PBXBuildFile; fileRef = 7F1E88FB1A96418B00D94488 /* OnlineTabBarStoreViewController.m */; };
		7F1E88FF1A96432700D94488 /* OnlineDetailStoreViewController.m in Sources */ = {isa = PBXBuildFile; fileRef = 7F1E88FE1A96432700D94488 /* OnlineDetailStoreViewController.m */; };
		7F1E89021A96435F00D94488 /* OnlineImageStoreViewController.m in Sources */ = {isa = PBXBuildFile; fileRef = 7F1E89011A96435F00D94488 /* OnlineImageStoreViewController.m */; };
		7F1E89051A96438D00D94488 /* OnlineContentStoreViewController.m in Sources */ = {isa = PBXBuildFile; fileRef = 7F1E89041A96438D00D94488 /* OnlineContentStoreViewController.m */; };
		7F1E89081A9644CC00D94488 /* OnlineRateViewController.m in Sources */ = {isa = PBXBuildFile; fileRef = 7F1E89071A9644CC00D94488 /* OnlineRateViewController.m */; };
		7F41617E1A98F28100425670 /* OfflinePositionViewController.m in Sources */ = {isa = PBXBuildFile; fileRef = 7F41617D1A98F28100425670 /* OfflinePositionViewController.m */; };
		7F4249D21A6829B80008724D /* Position-icon.png in Resources */ = {isa = PBXBuildFile; fileRef = 7F4249D11A6829B80008724D /* Position-icon.png */; };
		7F4249D81A68314A0008724D /* Point1-icon.png in Resources */ = {isa = PBXBuildFile; fileRef = 7F4249D71A68314A0008724D /* Point1-icon.png */; };
		7F4249DA1A6831A00008724D /* Point2-icon.png in Resources */ = {isa = PBXBuildFile; fileRef = 7F4249D91A6831A00008724D /* Point2-icon.png */; };
		7F4249E01A6834FC0008724D /* Point-icon.png in Resources */ = {isa = PBXBuildFile; fileRef = 7F4249DF1A6834FC0008724D /* Point-icon.png */; };
		7F615AAA1A5B138400AE281A /* main.m in Sources */ = {isa = PBXBuildFile; fileRef = 7F615AA91A5B138400AE281A /* main.m */; };
		7F615AAD1A5B138400AE281A /* AppDelegate.m in Sources */ = {isa = PBXBuildFile; fileRef = 7F615AAC1A5B138400AE281A /* AppDelegate.m */; };
		7F615AB01A5B138400AE281A /* ViewController.m in Sources */ = {isa = PBXBuildFile; fileRef = 7F615AAF1A5B138400AE281A /* ViewController.m */; };
		7F615AB31A5B138400AE281A /* Main.storyboard in Resources */ = {isa = PBXBuildFile; fileRef = 7F615AB11A5B138400AE281A /* Main.storyboard */; };
		7F615AB51A5B138400AE281A /* Images.xcassets in Resources */ = {isa = PBXBuildFile; fileRef = 7F615AB41A5B138400AE281A /* Images.xcassets */; };
		7F615AB81A5B138400AE281A /* LaunchScreen.xib in Resources */ = {isa = PBXBuildFile; fileRef = 7F615AB61A5B138400AE281A /* LaunchScreen.xib */; };
		7F615AC41A5B138400AE281A /* ProjectMapDSTests.m in Sources */ = {isa = PBXBuildFile; fileRef = 7F615AC31A5B138400AE281A /* ProjectMapDSTests.m */; };
		7F62AFA01A5E83D80032F1FD /* OfflineCategoryViewController.m in Sources */ = {isa = PBXBuildFile; fileRef = 7F62AF9F1A5E83D80032F1FD /* OfflineCategoryViewController.m */; };
		7F6EF5441A638097001C30D4 /* OfflineTabBarStoreViewController.m in Sources */ = {isa = PBXBuildFile; fileRef = 7F6EF5431A638097001C30D4 /* OfflineTabBarStoreViewController.m */; };
		7F6EF5471A6380E2001C30D4 /* OfflineDetailStoreViewController.m in Sources */ = {isa = PBXBuildFile; fileRef = 7F6EF5461A6380E2001C30D4 /* OfflineDetailStoreViewController.m */; };
		7F6EF54A1A638160001C30D4 /* OfflineContentStoreViewController.m in Sources */ = {isa = PBXBuildFile; fileRef = 7F6EF5491A638160001C30D4 /* OfflineContentStoreViewController.m */; };
		7F6EF54D1A6381B6001C30D4 /* OfflineImageStoreViewController.m in Sources */ = {isa = PBXBuildFile; fileRef = 7F6EF54C1A6381B6001C30D4 /* OfflineImageStoreViewController.m */; };
		7F7435BF1A5D1F2500640C93 /* OfflineDetailDSViewController.m in Sources */ = {isa = PBXBuildFile; fileRef = 7F7435BE1A5D1F2500640C93 /* OfflineDetailDSViewController.m */; };
		7F7435C21A5D229400640C93 /* OfflineTabBarDSViewController.m in Sources */ = {isa = PBXBuildFile; fileRef = 7F7435C11A5D229400640C93 /* OfflineTabBarDSViewController.m */; };
		7F7435C61A5D3FA300640C93 /* Detail-icon.png in Resources */ = {isa = PBXBuildFile; fileRef = 7F7435C51A5D3FA300640C93 /* Detail-icon.png */; };
		7F756E8B1A66751E0011D040 /* RemoveStar-icon.png in Resources */ = {isa = PBXBuildFile; fileRef = 7F756E891A66751E0011D040 /* RemoveStar-icon.png */; };
		7F756E8C1A66751E0011D040 /* AddStar-icon.png in Resources */ = {isa = PBXBuildFile; fileRef = 7F756E8A1A66751E0011D040 /* AddStar-icon.png */; };
		7F756E8E1A6689920011D040 /* MapDepartmentStore_old.sqlite in Resources */ = {isa = PBXBuildFile; fileRef = 7F756E8D1A6689920011D040 /* MapDepartmentStore_old.sqlite */; };
		7F88F3BC1A629B79002E5A49 /* Image-icon.png in Resources */ = {isa = PBXBuildFile; fileRef = 7F88F3BB1A629B79002E5A49 /* Image-icon.png */; };
		7F88F3D81A62A2F3002E5A49 /* ShopCategory-icon.png in Resources */ = {isa = PBXBuildFile; fileRef = 7F88F3D71A62A2F3002E5A49 /* ShopCategory-icon.png */; };
		7F88F3DE1A62A3E9002E5A49 /* FloorPlan-icon.png in Resources */ = {isa = PBXBuildFile; fileRef = 7F88F3DD1A62A3E9002E5A49 /* FloorPlan-icon.png */; };
		7F88F3EF1A62C733002E5A49 /* OfflineImageDSViewController.m in Sources */ = {isa = PBXBuildFile; fileRef = 7F88F3EE1A62C733002E5A49 /* OfflineImageDSViewController.m */; };
		7F88F3F21A62C77F002E5A49 /* OfflineContentDSViewController.m in Sources */ = {isa = PBXBuildFile; fileRef = 7F88F3F11A62C77F002E5A49 /* OfflineContentDSViewController.m */; };
		7F9FEB0A1A5BC49300C2EC3D /* Info-icon.png in Resources */ = {isa = PBXBuildFile; fileRef = 7F9FEB081A5BC49300C2EC3D /* Info-icon.png */; };
		7F9FEB0B1A5BC49300C2EC3D /* Logo.png in Resources */ = {isa = PBXBuildFile; fileRef = 7F9FEB091A5BC49300C2EC3D /* Logo.png */; };
		7F9FEB121A5BC95900C2EC3D /* OfflinePageTableViewController.m in Sources */ = {isa = PBXBuildFile; fileRef = 7F9FEB111A5BC95900C2EC3D /* OfflinePageTableViewController.m */; };
		7F9FEB161A5BCBB300C2EC3D /* OnlinePageTableViewController.m in Sources */ = {isa = PBXBuildFile; fileRef = 7F9FEB151A5BCBB300C2EC3D /* OnlinePageTableViewController.m */; };
		7F9FEB1A1A5BCD0C00C2EC3D /* FavoritePageTableViewController.m in Sources */ = {isa = PBXBuildFile; fileRef = 7F9FEB191A5BCD0C00C2EC3D /* FavoritePageTableViewController.m */; };
		7F9FEB1C1A5BCF9B00C2EC3D /* libsqlite3.0.dylib in Frameworks */ = {isa = PBXBuildFile; fileRef = 7F9FEB1B1A5BCF9B00C2EC3D /* libsqlite3.0.dylib */; };
		7FC4F9C41A5FE7BC002422BC /* OfflineFloorPlanViewController.m in Sources */ = {isa = PBXBuildFile; fileRef = 7FC4F9C31A5FE7BC002422BC /* OfflineFloorPlanViewController.m */; };
		7FFDEF471A67A05100C9D821 /* FavoriteTabBarViewController.m in Sources */ = {isa = PBXBuildFile; fileRef = 7FFDEF461A67A05100C9D821 /* FavoriteTabBarViewController.m */; };
		7FFDEF4A1A67A07D00C9D821 /* FavoriteDetailViewController.m in Sources */ = {isa = PBXBuildFile; fileRef = 7FFDEF491A67A07D00C9D821 /* FavoriteDetailViewController.m */; };
		7FFDEF4D1A67A08E00C9D821 /* FavoriteImageViewController.m in Sources */ = {isa = PBXBuildFile; fileRef = 7FFDEF4C1A67A08E00C9D821 /* FavoriteImageViewController.m */; };
		7FFDEF501A67A13C00C9D821 /* FavoriteContentViewController.m in Sources */ = {isa = PBXBuildFile; fileRef = 7FFDEF4F1A67A13C00C9D821 /* FavoriteContentViewController.m */; };
		7FFDEF531A67A15200C9D821 /* FavoritePositionViewController.m in Sources */ = {isa = PBXBuildFile; fileRef = 7FFDEF521A67A15200C9D821 /* FavoritePositionViewController.m */; };
/* End PBXBuildFile section */

/* Begin PBXContainerItemProxy section */
		7F615ABE1A5B138400AE281A /* PBXContainerItemProxy */ = {
			isa = PBXContainerItemProxy;
			containerPortal = 7F615A9C1A5B138400AE281A /* Project object */;
			proxyType = 1;
			remoteGlobalIDString = 7F615AA31A5B138400AE281A;
			remoteInfo = ProjectMapDS;
		};
/* End PBXContainerItemProxy section */

/* Begin PBXFileReference section */
		7F1E88DC1A948FDE00D94488 /* MapDepartmentStore.sqlite */ = {isa = PBXFileReference; lastKnownFileType = file; path = MapDepartmentStore.sqlite; sourceTree = "<group>"; };
		7F1E88DE1A958D9800D94488 /* OnlineDetailDSViewController.h */ = {isa = PBXFileReference; fileEncoding = 4; lastKnownFileType = sourcecode.c.h; path = OnlineDetailDSViewController.h; sourceTree = "<group>"; };
		7F1E88DF1A958D9800D94488 /* OnlineDetailDSViewController.m */ = {isa = PBXFileReference; fileEncoding = 4; lastKnownFileType = sourcecode.c.objc; path = OnlineDetailDSViewController.m; sourceTree = "<group>"; };
		7F1E88E11A95932400D94488 /* OnlineTabBarDSViewController.h */ = {isa = PBXFileReference; fileEncoding = 4; lastKnownFileType = sourcecode.c.h; path = OnlineTabBarDSViewController.h; sourceTree = "<group>"; };
		7F1E88E21A95932400D94488 /* OnlineTabBarDSViewController.m */ = {isa = PBXFileReference; fileEncoding = 4; lastKnownFileType = sourcecode.c.objc; path = OnlineTabBarDSViewController.m; sourceTree = "<group>"; };
		7F1E88E41A959CD500D94488 /* OnlineImageDSViewController.h */ = {isa = PBXFileReference; fileEncoding = 4; lastKnownFileType = sourcecode.c.h; path = OnlineImageDSViewController.h; sourceTree = "<group>"; };
		7F1E88E51A959CD500D94488 /* OnlineImageDSViewController.m */ = {isa = PBXFileReference; fileEncoding = 4; lastKnownFileType = sourcecode.c.objc; path = OnlineImageDSViewController.m; sourceTree = "<group>"; };
		7F1E88E71A959D0500D94488 /* OnlineContentDSViewController.h */ = {isa = PBXFileReference; fileEncoding = 4; lastKnownFileType = sourcecode.c.h; path = OnlineContentDSViewController.h; sourceTree = "<group>"; };
		7F1E88E81A959D0500D94488 /* OnlineContentDSViewController.m */ = {isa = PBXFileReference; fileEncoding = 4; lastKnownFileType = sourcecode.c.objc; path = OnlineContentDSViewController.m; sourceTree = "<group>"; };
		7F1E88EA1A95D2BC00D94488 /* OnlineFloorPlanViewController.h */ = {isa = PBXFileReference; fileEncoding = 4; lastKnownFileType = sourcecode.c.h; path = OnlineFloorPlanViewController.h; sourceTree = "<group>"; };
		7F1E88EB1A95D2BC00D94488 /* OnlineFloorPlanViewController.m */ = {isa = PBXFileReference; fileEncoding = 4; lastKnownFileType = sourcecode.c.objc; path = OnlineFloorPlanViewController.m; sourceTree = "<group>"; };
		7F1E88ED1A95D30400D94488 /* OnlineCategoryViewController.h */ = {isa = PBXFileReference; fileEncoding = 4; lastKnownFileType = sourcecode.c.h; path = OnlineCategoryViewController.h; sourceTree = "<group>"; };
		7F1E88EE1A95D30400D94488 /* OnlineCategoryViewController.m */ = {isa = PBXFileReference; fileEncoding = 4; lastKnownFileType = sourcecode.c.objc; path = OnlineCategoryViewController.m; sourceTree = "<group>"; };
		7F1E88F81A9640E700D94488 /* Rate-icon.png */ = {isa = PBXFileReference; lastKnownFileType = image.png; path = "Rate-icon.png"; sourceTree = "<group>"; };
		7F1E88FA1A96418B00D94488 /* OnlineTabBarStoreViewController.h */ = {isa = PBXFileReference; fileEncoding = 4; lastKnownFileType = sourcecode.c.h; path = OnlineTabBarStoreViewController.h; sourceTree = "<group>"; };
		7F1E88FB1A96418B00D94488 /* OnlineTabBarStoreViewController.m */ = {isa = PBXFileReference; fileEncoding = 4; lastKnownFileType = sourcecode.c.objc; path = OnlineTabBarStoreViewController.m; sourceTree = "<group>"; };
		7F1E88FD1A96432700D94488 /* OnlineDetailStoreViewController.h */ = {isa = PBXFileReference; fileEncoding = 4; lastKnownFileType = sourcecode.c.h; path = OnlineDetailStoreViewController.h; sourceTree = "<group>"; };
		7F1E88FE1A96432700D94488 /* OnlineDetailStoreViewController.m */ = {isa = PBXFileReference; fileEncoding = 4; lastKnownFileType = sourcecode.c.objc; path = OnlineDetailStoreViewController.m; sourceTree = "<group>"; };
		7F1E89001A96435F00D94488 /* OnlineImageStoreViewController.h */ = {isa = PBXFileReference; fileEncoding = 4; lastKnownFileType = sourcecode.c.h; path = OnlineImageStoreViewController.h; sourceTree = "<group>"; };
		7F1E89011A96435F00D94488 /* OnlineImageStoreViewController.m */ = {isa = PBXFileReference; fileEncoding = 4; lastKnownFileType = sourcecode.c.objc; path = OnlineImageStoreViewController.m; sourceTree = "<group>"; };
		7F1E89031A96438D00D94488 /* OnlineContentStoreViewController.h */ = {isa = PBXFileReference; fileEncoding = 4; lastKnownFileType = sourcecode.c.h; path = OnlineContentStoreViewController.h; sourceTree = "<group>"; };
		7F1E89041A96438D00D94488 /* OnlineContentStoreViewController.m */ = {isa = PBXFileReference; fileEncoding = 4; lastKnownFileType = sourcecode.c.objc; path = OnlineContentStoreViewController.m; sourceTree = "<group>"; };
		7F1E89061A9644CC00D94488 /* OnlineRateViewController.h */ = {isa = PBXFileReference; fileEncoding = 4; lastKnownFileType = sourcecode.c.h; path = OnlineRateViewController.h; sourceTree = "<group>"; };
		7F1E89071A9644CC00D94488 /* OnlineRateViewController.m */ = {isa = PBXFileReference; fileEncoding = 4; lastKnownFileType = sourcecode.c.objc; path = OnlineRateViewController.m; sourceTree = "<group>"; };
		7F41617C1A98F28100425670 /* OfflinePositionViewController.h */ = {isa = PBXFileReference; fileEncoding = 4; lastKnownFileType = sourcecode.c.h; path = OfflinePositionViewController.h; sourceTree = "<group>"; };
		7F41617D1A98F28100425670 /* OfflinePositionViewController.m */ = {isa = PBXFileReference; fileEncoding = 4; lastKnownFileType = sourcecode.c.objc; path = OfflinePositionViewController.m; sourceTree = "<group>"; };
		7F4249D11A6829B80008724D /* Position-icon.png */ = {isa = PBXFileReference; lastKnownFileType = image.png; path = "Position-icon.png"; sourceTree = "<group>"; };
		7F4249D71A68314A0008724D /* Point1-icon.png */ = {isa = PBXFileReference; lastKnownFileType = image.png; path = "Point1-icon.png"; sourceTree = "<group>"; };
		7F4249D91A6831A00008724D /* Point2-icon.png */ = {isa = PBXFileReference; lastKnownFileType = image.png; path = "Point2-icon.png"; sourceTree = "<group>"; };
		7F4249DF1A6834FC0008724D /* Point-icon.png */ = {isa = PBXFileReference; lastKnownFileType = image.png; path = "Point-icon.png"; sourceTree = "<group>"; };
		7F615AA41A5B138400AE281A /* ProjectMapDS.app */ = {isa = PBXFileReference; explicitFileType = wrapper.application; includeInIndex = 0; path = ProjectMapDS.app; sourceTree = BUILT_PRODUCTS_DIR; };
		7F615AA81A5B138400AE281A /* Info.plist */ = {isa = PBXFileReference; lastKnownFileType = text.plist.xml; path = Info.plist; sourceTree = "<group>"; };
		7F615AA91A5B138400AE281A /* main.m */ = {isa = PBXFileReference; lastKnownFileType = sourcecode.c.objc; path = main.m; sourceTree = "<group>"; };
		7F615AAB1A5B138400AE281A /* AppDelegate.h */ = {isa = PBXFileReference; lastKnownFileType = sourcecode.c.h; path = AppDelegate.h; sourceTree = "<group>"; };
		7F615AAC1A5B138400AE281A /* AppDelegate.m */ = {isa = PBXFileReference; lastKnownFileType = sourcecode.c.objc; path = AppDelegate.m; sourceTree = "<group>"; };
		7F615AAE1A5B138400AE281A /* ViewController.h */ = {isa = PBXFileReference; lastKnownFileType = sourcecode.c.h; path = ViewController.h; sourceTree = "<group>"; };
		7F615AAF1A5B138400AE281A /* ViewController.m */ = {isa = PBXFileReference; lastKnownFileType = sourcecode.c.objc; path = ViewController.m; sourceTree = "<group>"; };
		7F615AB21A5B138400AE281A /* Base */ = {isa = PBXFileReference; lastKnownFileType = file.storyboard; name = Base; path = Base.lproj/Main.storyboard; sourceTree = "<group>"; };
		7F615AB41A5B138400AE281A /* Images.xcassets */ = {isa = PBXFileReference; lastKnownFileType = folder.assetcatalog; path = Images.xcassets; sourceTree = "<group>"; };
		7F615AB71A5B138400AE281A /* Base */ = {isa = PBXFileReference; lastKnownFileType = file.xib; name = Base; path = Base.lproj/LaunchScreen.xib; sourceTree = "<group>"; };
		7F615ABD1A5B138400AE281A /* ProjectMapDSTests.xctest */ = {isa = PBXFileReference; explicitFileType = wrapper.cfbundle; includeInIndex = 0; path = ProjectMapDSTests.xctest; sourceTree = BUILT_PRODUCTS_DIR; };
		7F615AC21A5B138400AE281A /* Info.plist */ = {isa = PBXFileReference; lastKnownFileType = text.plist.xml; path = Info.plist; sourceTree = "<group>"; };
		7F615AC31A5B138400AE281A /* ProjectMapDSTests.m */ = {isa = PBXFileReference; lastKnownFileType = sourcecode.c.objc; path = ProjectMapDSTests.m; sourceTree = "<group>"; };
		7F62AF9E1A5E83D80032F1FD /* OfflineCategoryViewController.h */ = {isa = PBXFileReference; fileEncoding = 4; lastKnownFileType = sourcecode.c.h; path = OfflineCategoryViewController.h; sourceTree = "<group>"; };
		7F62AF9F1A5E83D80032F1FD /* OfflineCategoryViewController.m */ = {isa = PBXFileReference; fileEncoding = 4; lastKnownFileType = sourcecode.c.objc; path = OfflineCategoryViewController.m; sourceTree = "<group>"; };
		7F6EF5421A638097001C30D4 /* OfflineTabBarStoreViewController.h */ = {isa = PBXFileReference; fileEncoding = 4; lastKnownFileType = sourcecode.c.h; path = OfflineTabBarStoreViewController.h; sourceTree = "<group>"; };
		7F6EF5431A638097001C30D4 /* OfflineTabBarStoreViewController.m */ = {isa = PBXFileReference; fileEncoding = 4; lastKnownFileType = sourcecode.c.objc; path = OfflineTabBarStoreViewController.m; sourceTree = "<group>"; };
		7F6EF5451A6380E2001C30D4 /* OfflineDetailStoreViewController.h */ = {isa = PBXFileReference; fileEncoding = 4; lastKnownFileType = sourcecode.c.h; path = OfflineDetailStoreViewController.h; sourceTree = "<group>"; };
		7F6EF5461A6380E2001C30D4 /* OfflineDetailStoreViewController.m */ = {isa = PBXFileReference; fileEncoding = 4; lastKnownFileType = sourcecode.c.objc; path = OfflineDetailStoreViewController.m; sourceTree = "<group>"; };
		7F6EF5481A638160001C30D4 /* OfflineContentStoreViewController.h */ = {isa = PBXFileReference; fileEncoding = 4; lastKnownFileType = sourcecode.c.h; path = OfflineContentStoreViewController.h; sourceTree = "<group>"; };
		7F6EF5491A638160001C30D4 /* OfflineContentStoreViewController.m */ = {isa = PBXFileReference; fileEncoding = 4; lastKnownFileType = sourcecode.c.objc; path = OfflineContentStoreViewController.m; sourceTree = "<group>"; };
		7F6EF54B1A6381B6001C30D4 /* OfflineImageStoreViewController.h */ = {isa = PBXFileReference; fileEncoding = 4; lastKnownFileType = sourcecode.c.h; path = OfflineImageStoreViewController.h; sourceTree = "<group>"; };
		7F6EF54C1A6381B6001C30D4 /* OfflineImageStoreViewController.m */ = {isa = PBXFileReference; fileEncoding = 4; lastKnownFileType = sourcecode.c.objc; path = OfflineImageStoreViewController.m; sourceTree = "<group>"; };
		7F7435BD1A5D1F2500640C93 /* OfflineDetailDSViewController.h */ = {isa = PBXFileReference; fileEncoding = 4; lastKnownFileType = sourcecode.c.h; path = OfflineDetailDSViewController.h; sourceTree = "<group>"; };
		7F7435BE1A5D1F2500640C93 /* OfflineDetailDSViewController.m */ = {isa = PBXFileReference; fileEncoding = 4; lastKnownFileType = sourcecode.c.objc; path = OfflineDetailDSViewController.m; sourceTree = "<group>"; };
		7F7435C01A5D229400640C93 /* OfflineTabBarDSViewController.h */ = {isa = PBXFileReference; fileEncoding = 4; lastKnownFileType = sourcecode.c.h; path = OfflineTabBarDSViewController.h; sourceTree = "<group>"; };
		7F7435C11A5D229400640C93 /* OfflineTabBarDSViewController.m */ = {isa = PBXFileReference; fileEncoding = 4; lastKnownFileType = sourcecode.c.objc; path = OfflineTabBarDSViewController.m; sourceTree = "<group>"; };
		7F7435C51A5D3FA300640C93 /* Detail-icon.png */ = {isa = PBXFileReference; lastKnownFileType = image.png; path = "Detail-icon.png"; sourceTree = "<group>"; };
		7F756E891A66751E0011D040 /* RemoveStar-icon.png */ = {isa = PBXFileReference; lastKnownFileType = image.png; path = "RemoveStar-icon.png"; sourceTree = "<group>"; };
		7F756E8A1A66751E0011D040 /* AddStar-icon.png */ = {isa = PBXFileReference; lastKnownFileType = image.png; path = "AddStar-icon.png"; sourceTree = "<group>"; };
		7F756E8D1A6689920011D040 /* MapDepartmentStore_old.sqlite */ = {isa = PBXFileReference; lastKnownFileType = file; path = MapDepartmentStore_old.sqlite; sourceTree = "<group>"; };
		7F88F3BB1A629B79002E5A49 /* Image-icon.png */ = {isa = PBXFileReference; lastKnownFileType = image.png; path = "Image-icon.png"; sourceTree = "<group>"; };
		7F88F3D71A62A2F3002E5A49 /* ShopCategory-icon.png */ = {isa = PBXFileReference; lastKnownFileType = image.png; path = "ShopCategory-icon.png"; sourceTree = "<group>"; };
		7F88F3DD1A62A3E9002E5A49 /* FloorPlan-icon.png */ = {isa = PBXFileReference; lastKnownFileType = image.png; path = "FloorPlan-icon.png"; sourceTree = "<group>"; };
		7F88F3ED1A62C733002E5A49 /* OfflineImageDSViewController.h */ = {isa = PBXFileReference; fileEncoding = 4; lastKnownFileType = sourcecode.c.h; path = OfflineImageDSViewController.h; sourceTree = "<group>"; };
		7F88F3EE1A62C733002E5A49 /* OfflineImageDSViewController.m */ = {isa = PBXFileReference; fileEncoding = 4; lastKnownFileType = sourcecode.c.objc; path = OfflineImageDSViewController.m; sourceTree = "<group>"; };
		7F88F3F01A62C77F002E5A49 /* OfflineContentDSViewController.h */ = {isa = PBXFileReference; fileEncoding = 4; lastKnownFileType = sourcecode.c.h; path = OfflineContentDSViewController.h; sourceTree = "<group>"; };
		7F88F3F11A62C77F002E5A49 /* OfflineContentDSViewController.m */ = {isa = PBXFileReference; fileEncoding = 4; lastKnownFileType = sourcecode.c.objc; path = OfflineContentDSViewController.m; sourceTree = "<group>"; };
		7F9FEB081A5BC49300C2EC3D /* Info-icon.png */ = {isa = PBXFileReference; lastKnownFileType = image.png; path = "Info-icon.png"; sourceTree = "<group>"; };
		7F9FEB091A5BC49300C2EC3D /* Logo.png */ = {isa = PBXFileReference; lastKnownFileType = image.png; path = Logo.png; sourceTree = "<group>"; };
		7F9FEB101A5BC95900C2EC3D /* OfflinePageTableViewController.h */ = {isa = PBXFileReference; fileEncoding = 4; lastKnownFileType = sourcecode.c.h; path = OfflinePageTableViewController.h; sourceTree = "<group>"; };
		7F9FEB111A5BC95900C2EC3D /* OfflinePageTableViewController.m */ = {isa = PBXFileReference; fileEncoding = 4; lastKnownFileType = sourcecode.c.objc; path = OfflinePageTableViewController.m; sourceTree = "<group>"; };
		7F9FEB141A5BCBB300C2EC3D /* OnlinePageTableViewController.h */ = {isa = PBXFileReference; fileEncoding = 4; lastKnownFileType = sourcecode.c.h; path = OnlinePageTableViewController.h; sourceTree = "<group>"; };
		7F9FEB151A5BCBB300C2EC3D /* OnlinePageTableViewController.m */ = {isa = PBXFileReference; fileEncoding = 4; lastKnownFileType = sourcecode.c.objc; path = OnlinePageTableViewController.m; sourceTree = "<group>"; };
		7F9FEB181A5BCD0C00C2EC3D /* FavoritePageTableViewController.h */ = {isa = PBXFileReference; fileEncoding = 4; lastKnownFileType = sourcecode.c.h; path = FavoritePageTableViewController.h; sourceTree = "<group>"; };
		7F9FEB191A5BCD0C00C2EC3D /* FavoritePageTableViewController.m */ = {isa = PBXFileReference; fileEncoding = 4; lastKnownFileType = sourcecode.c.objc; path = FavoritePageTableViewController.m; sourceTree = "<group>"; };
		7F9FEB1B1A5BCF9B00C2EC3D /* libsqlite3.0.dylib */ = {isa = PBXFileReference; lastKnownFileType = "compiled.mach-o.dylib"; name = libsqlite3.0.dylib; path = usr/lib/libsqlite3.0.dylib; sourceTree = SDKROOT; };
		7FC4F9C21A5FE7BC002422BC /* OfflineFloorPlanViewController.h */ = {isa = PBXFileReference; fileEncoding = 4; lastKnownFileType = sourcecode.c.h; path = OfflineFloorPlanViewController.h; sourceTree = "<group>"; };
		7FC4F9C31A5FE7BC002422BC /* OfflineFloorPlanViewController.m */ = {isa = PBXFileReference; fileEncoding = 4; lastKnownFileType = sourcecode.c.objc; path = OfflineFloorPlanViewController.m; sourceTree = "<group>"; };
		7FFDEF451A67A05100C9D821 /* FavoriteTabBarViewController.h */ = {isa = PBXFileReference; fileEncoding = 4; lastKnownFileType = sourcecode.c.h; path = FavoriteTabBarViewController.h; sourceTree = "<group>"; };
		7FFDEF461A67A05100C9D821 /* FavoriteTabBarViewController.m */ = {isa = PBXFileReference; fileEncoding = 4; lastKnownFileType = sourcecode.c.objc; path = FavoriteTabBarViewController.m; sourceTree = "<group>"; };
		7FFDEF481A67A07D00C9D821 /* FavoriteDetailViewController.h */ = {isa = PBXFileReference; fileEncoding = 4; lastKnownFileType = sourcecode.c.h; path = FavoriteDetailViewController.h; sourceTree = "<group>"; };
		7FFDEF491A67A07D00C9D821 /* FavoriteDetailViewController.m */ = {isa = PBXFileReference; fileEncoding = 4; lastKnownFileType = sourcecode.c.objc; path = FavoriteDetailViewController.m; sourceTree = "<group>"; };
		7FFDEF4B1A67A08E00C9D821 /* FavoriteImageViewController.h */ = {isa = PBXFileReference; fileEncoding = 4; lastKnownFileType = sourcecode.c.h; path = FavoriteImageViewController.h; sourceTree = "<group>"; };
		7FFDEF4C1A67A08E00C9D821 /* FavoriteImageViewController.m */ = {isa = PBXFileReference; fileEncoding = 4; lastKnownFileType = sourcecode.c.objc; path = FavoriteImageViewController.m; sourceTree = "<group>"; };
		7FFDEF4E1A67A13C00C9D821 /* FavoriteContentViewController.h */ = {isa = PBXFileReference; fileEncoding = 4; lastKnownFileType = sourcecode.c.h; path = FavoriteContentViewController.h; sourceTree = "<group>"; };
		7FFDEF4F1A67A13C00C9D821 /* FavoriteContentViewController.m */ = {isa = PBXFileReference; fileEncoding = 4; lastKnownFileType = sourcecode.c.objc; path = FavoriteContentViewController.m; sourceTree = "<group>"; };
		7FFDEF511A67A15200C9D821 /* FavoritePositionViewController.h */ = {isa = PBXFileReference; fileEncoding = 4; lastKnownFileType = sourcecode.c.h; path = FavoritePositionViewController.h; sourceTree = "<group>"; };
		7FFDEF521A67A15200C9D821 /* FavoritePositionViewController.m */ = {isa = PBXFileReference; fileEncoding = 4; lastKnownFileType = sourcecode.c.objc; path = FavoritePositionViewController.m; sourceTree = "<group>"; };
/* End PBXFileReference section */

/* Begin PBXFrameworksBuildPhase section */
		7F615AA11A5B138400AE281A /* Frameworks */ = {
			isa = PBXFrameworksBuildPhase;
			buildActionMask = 2147483647;
			files = (
				7F9FEB1C1A5BCF9B00C2EC3D /* libsqlite3.0.dylib in Frameworks */,
			);
			runOnlyForDeploymentPostprocessing = 0;
		};
		7F615ABA1A5B138400AE281A /* Frameworks */ = {
			isa = PBXFrameworksBuildPhase;
			buildActionMask = 2147483647;
			files = (
			);
			runOnlyForDeploymentPostprocessing = 0;
		};
/* End PBXFrameworksBuildPhase section */

/* Begin PBXGroup section */
		7F41617F1A98F72E00425670 /* deleteFile */ = {
			isa = PBXGroup;
			children = (
				7FFDEF451A67A05100C9D821 /* FavoriteTabBarViewController.h */,
				7FFDEF461A67A05100C9D821 /* FavoriteTabBarViewController.m */,
				7FFDEF481A67A07D00C9D821 /* FavoriteDetailViewController.h */,
				7FFDEF491A67A07D00C9D821 /* FavoriteDetailViewController.m */,
				7FFDEF4B1A67A08E00C9D821 /* FavoriteImageViewController.h */,
				7FFDEF4C1A67A08E00C9D821 /* FavoriteImageViewController.m */,
				7FFDEF4E1A67A13C00C9D821 /* FavoriteContentViewController.h */,
				7FFDEF4F1A67A13C00C9D821 /* FavoriteContentViewController.m */,
				7FFDEF511A67A15200C9D821 /* FavoritePositionViewController.h */,
				7FFDEF521A67A15200C9D821 /* FavoritePositionViewController.m */,
			);
			name = deleteFile;
			sourceTree = "<group>";
		};
		7F615A9B1A5B138400AE281A = {
			isa = PBXGroup;
			children = (
				7F9FEB1B1A5BCF9B00C2EC3D /* libsqlite3.0.dylib */,
				7F615AA61A5B138400AE281A /* ProjectMapDS */,
				7F615AC01A5B138400AE281A /* ProjectMapDSTests */,
				7F615AA51A5B138400AE281A /* Products */,
			);
			sourceTree = "<group>";
		};
		7F615AA51A5B138400AE281A /* Products */ = {
			isa = PBXGroup;
			children = (
				7F615AA41A5B138400AE281A /* ProjectMapDS.app */,
				7F615ABD1A5B138400AE281A /* ProjectMapDSTests.xctest */,
			);
			name = Products;
			sourceTree = "<group>";
		};
		7F615AA61A5B138400AE281A /* ProjectMapDS */ = {
			isa = PBXGroup;
			children = (
				7F756E8D1A6689920011D040 /* MapDepartmentStore_old.sqlite */,
				7F1E88DC1A948FDE00D94488 /* MapDepartmentStore.sqlite */,
				7F9FEB091A5BC49300C2EC3D /* Logo.png */,
				7F9FEB081A5BC49300C2EC3D /* Info-icon.png */,
				7F7435C51A5D3FA300640C93 /* Detail-icon.png */,
				7F88F3BB1A629B79002E5A49 /* Image-icon.png */,
				7F88F3DD1A62A3E9002E5A49 /* FloorPlan-icon.png */,
				7F88F3D71A62A2F3002E5A49 /* ShopCategory-icon.png */,
				7F1E88F81A9640E700D94488 /* Rate-icon.png */,
				7F756E8A1A66751E0011D040 /* AddStar-icon.png */,
				7F756E891A66751E0011D040 /* RemoveStar-icon.png */,
				7F4249D11A6829B80008724D /* Position-icon.png */,
				7F4249DF1A6834FC0008724D /* Point-icon.png */,
				7F4249D71A68314A0008724D /* Point1-icon.png */,
				7F4249D91A6831A00008724D /* Point2-icon.png */,
				7F615AAB1A5B138400AE281A /* AppDelegate.h */,
				7F615AAC1A5B138400AE281A /* AppDelegate.m */,
				7F615AAE1A5B138400AE281A /* ViewController.h */,
				7F615AAF1A5B138400AE281A /* ViewController.m */,
				7F615AB11A5B138400AE281A /* Main.storyboard */,
				7F615AB41A5B138400AE281A /* Images.xcassets */,
				7F615AB61A5B138400AE281A /* LaunchScreen.xib */,
				7F9FEB131A5BCB9900C2EC3D /* Online */,
				7F9FEB0F1A5BC91800C2EC3D /* Offline */,
				7F9FEB171A5BCCD000C2EC3D /* Favorite */,
				7F615AA71A5B138400AE281A /* Supporting Files */,
			);
			path = ProjectMapDS;
			sourceTree = "<group>";
		};
		7F615AA71A5B138400AE281A /* Supporting Files */ = {
			isa = PBXGroup;
			children = (
				7F615AA81A5B138400AE281A /* Info.plist */,
				7F615AA91A5B138400AE281A /* main.m */,
			);
			name = "Supporting Files";
			sourceTree = "<group>";
		};
		7F615AC01A5B138400AE281A /* ProjectMapDSTests */ = {
			isa = PBXGroup;
			children = (
				7F615AC31A5B138400AE281A /* ProjectMapDSTests.m */,
				7F615AC11A5B138400AE281A /* Supporting Files */,
			);
			path = ProjectMapDSTests;
			sourceTree = "<group>";
		};
		7F615AC11A5B138400AE281A /* Supporting Files */ = {
			isa = PBXGroup;
			children = (
				7F615AC21A5B138400AE281A /* Info.plist */,
			);
			name = "Supporting Files";
			sourceTree = "<group>";
		};
		7F9FEB0F1A5BC91800C2EC3D /* Offline */ = {
			isa = PBXGroup;
			children = (
				7F9FEB101A5BC95900C2EC3D /* OfflinePageTableViewController.h */,
				7F9FEB111A5BC95900C2EC3D /* OfflinePageTableViewController.m */,
				7F7435C01A5D229400640C93 /* OfflineTabBarDSViewController.h */,
				7F7435C11A5D229400640C93 /* OfflineTabBarDSViewController.m */,
				7F7435BD1A5D1F2500640C93 /* OfflineDetailDSViewController.h */,
				7F7435BE1A5D1F2500640C93 /* OfflineDetailDSViewController.m */,
				7F88F3ED1A62C733002E5A49 /* OfflineImageDSViewController.h */,
				7F88F3EE1A62C733002E5A49 /* OfflineImageDSViewController.m */,
				7F88F3F01A62C77F002E5A49 /* OfflineContentDSViewController.h */,
				7F88F3F11A62C77F002E5A49 /* OfflineContentDSViewController.m */,
				7FC4F9C21A5FE7BC002422BC /* OfflineFloorPlanViewController.h */,
				7FC4F9C31A5FE7BC002422BC /* OfflineFloorPlanViewController.m */,
				7F62AF9E1A5E83D80032F1FD /* OfflineCategoryViewController.h */,
				7F62AF9F1A5E83D80032F1FD /* OfflineCategoryViewController.m */,
				7F6EF5421A638097001C30D4 /* OfflineTabBarStoreViewController.h */,
				7F6EF5431A638097001C30D4 /* OfflineTabBarStoreViewController.m */,
				7F6EF5451A6380E2001C30D4 /* OfflineDetailStoreViewController.h */,
				7F6EF5461A6380E2001C30D4 /* OfflineDetailStoreViewController.m */,
				7F6EF54B1A6381B6001C30D4 /* OfflineImageStoreViewController.h */,
				7F6EF54C1A6381B6001C30D4 /* OfflineImageStoreViewController.m */,
				7F6EF5481A638160001C30D4 /* OfflineContentStoreViewController.h */,
				7F6EF5491A638160001C30D4 /* OfflineContentStoreViewController.m */,
				7F41617C1A98F28100425670 /* OfflinePositionViewController.h */,
				7F41617D1A98F28100425670 /* OfflinePositionViewController.m */,
			);
			name = Offline;
			sourceTree = "<group>";
		};
		7F9FEB131A5BCB9900C2EC3D /* Online */ = {
			isa = PBXGroup;
			children = (
				7F9FEB141A5BCBB300C2EC3D /* OnlinePageTableViewController.h */,
				7F9FEB151A5BCBB300C2EC3D /* OnlinePageTableViewController.m */,
				7F1E88E11A95932400D94488 /* OnlineTabBarDSViewController.h */,
				7F1E88E21A95932400D94488 /* OnlineTabBarDSViewController.m */,
				7F1E88DE1A958D9800D94488 /* OnlineDetailDSViewController.h */,
				7F1E88DF1A958D9800D94488 /* OnlineDetailDSViewController.m */,
				7F1E88E41A959CD500D94488 /* OnlineImageDSViewController.h */,
				7F1E88E51A959CD500D94488 /* OnlineImageDSViewController.m */,
				7F1E88E71A959D0500D94488 /* OnlineContentDSViewController.h */,
				7F1E88E81A959D0500D94488 /* OnlineContentDSViewController.m */,
				7F1E88EA1A95D2BC00D94488 /* OnlineFloorPlanViewController.h */,
				7F1E88EB1A95D2BC00D94488 /* OnlineFloorPlanViewController.m */,
				7F1E88ED1A95D30400D94488 /* OnlineCategoryViewController.h */,
				7F1E88EE1A95D30400D94488 /* OnlineCategoryViewController.m */,
				7F1E88FA1A96418B00D94488 /* OnlineTabBarStoreViewController.h */,
				7F1E88FB1A96418B00D94488 /* OnlineTabBarStoreViewController.m */,
				7F1E88FD1A96432700D94488 /* OnlineDetailStoreViewController.h */,
				7F1E88FE1A96432700D94488 /* OnlineDetailStoreViewController.m */,
				7F1E89001A96435F00D94488 /* OnlineImageStoreViewController.h */,
				7F1E89011A96435F00D94488 /* OnlineImageStoreViewController.m */,
				7F1E89031A96438D00D94488 /* OnlineContentStoreViewController.h */,
				7F1E89041A96438D00D94488 /* OnlineContentStoreViewController.m */,
				7F1E89061A9644CC00D94488 /* OnlineRateViewController.h */,
				7F1E89071A9644CC00D94488 /* OnlineRateViewController.m */,
			);
			name = Online;
			sourceTree = "<group>";
		};
		7F9FEB171A5BCCD000C2EC3D /* Favorite */ = {
			isa = PBXGroup;
			children = (
				7F9FEB181A5BCD0C00C2EC3D /* FavoritePageTableViewController.h */,
				7F9FEB191A5BCD0C00C2EC3D /* FavoritePageTableViewController.m */,
				7F41617F1A98F72E00425670 /* deleteFile */,
			);
			name = Favorite;
			sourceTree = "<group>";
		};
/* End PBXGroup section */

/* Begin PBXNativeTarget section */
		7F615AA31A5B138400AE281A /* ProjectMapDS */ = {
			isa = PBXNativeTarget;
			buildConfigurationList = 7F615AC71A5B138400AE281A /* Build configuration list for PBXNativeTarget "ProjectMapDS" */;
			buildPhases = (
				7F615AA01A5B138400AE281A /* Sources */,
				7F615AA11A5B138400AE281A /* Frameworks */,
				7F615AA21A5B138400AE281A /* Resources */,
			);
			buildRules = (
			);
			dependencies = (
			);
			name = ProjectMapDS;
			productName = ProjectMapDS;
			productReference = 7F615AA41A5B138400AE281A /* ProjectMapDS.app */;
			productType = "com.apple.product-type.application";
		};
		7F615ABC1A5B138400AE281A /* ProjectMapDSTests */ = {
			isa = PBXNativeTarget;
			buildConfigurationList = 7F615ACA1A5B138400AE281A /* Build configuration list for PBXNativeTarget "ProjectMapDSTests" */;
			buildPhases = (
				7F615AB91A5B138400AE281A /* Sources */,
				7F615ABA1A5B138400AE281A /* Frameworks */,
				7F615ABB1A5B138400AE281A /* Resources */,
			);
			buildRules = (
			);
			dependencies = (
				7F615ABF1A5B138400AE281A /* PBXTargetDependency */,
			);
			name = ProjectMapDSTests;
			productName = ProjectMapDSTests;
			productReference = 7F615ABD1A5B138400AE281A /* ProjectMapDSTests.xctest */;
			productType = "com.apple.product-type.bundle.unit-test";
		};
/* End PBXNativeTarget section */

/* Begin PBXProject section */
		7F615A9C1A5B138400AE281A /* Project object */ = {
			isa = PBXProject;
			attributes = {
				LastUpgradeCheck = 0610;
				ORGANIZATIONNAME = "Panisara Intoe";
				TargetAttributes = {
					7F615AA31A5B138400AE281A = {
						CreatedOnToolsVersion = 6.1.1;
						DevelopmentTeam = 5XXE9P95P9;
					};
					7F615ABC1A5B138400AE281A = {
						CreatedOnToolsVersion = 6.1.1;
						TestTargetID = 7F615AA31A5B138400AE281A;
					};
				};
			};
			buildConfigurationList = 7F615A9F1A5B138400AE281A /* Build configuration list for PBXProject "ProjectMapDS" */;
			compatibilityVersion = "Xcode 3.2";
			developmentRegion = English;
			hasScannedForEncodings = 0;
			knownRegions = (
				en,
				Base,
			);
			mainGroup = 7F615A9B1A5B138400AE281A;
			productRefGroup = 7F615AA51A5B138400AE281A /* Products */;
			projectDirPath = "";
			projectRoot = "";
			targets = (
				7F615AA31A5B138400AE281A /* ProjectMapDS */,
				7F615ABC1A5B138400AE281A /* ProjectMapDSTests */,
			);
		};
/* End PBXProject section */

/* Begin PBXResourcesBuildPhase section */
		7F615AA21A5B138400AE281A /* Resources */ = {
			isa = PBXResourcesBuildPhase;
			buildActionMask = 2147483647;
			files = (
				7F756E8B1A66751E0011D040 /* RemoveStar-icon.png in Resources */,
				7F4249E01A6834FC0008724D /* Point-icon.png in Resources */,
				7F4249D21A6829B80008724D /* Position-icon.png in Resources */,
				7F756E8C1A66751E0011D040 /* AddStar-icon.png in Resources */,
				7F88F3BC1A629B79002E5A49 /* Image-icon.png in Resources */,
				7F88F3D81A62A2F3002E5A49 /* ShopCategory-icon.png in Resources */,
				7F88F3DE1A62A3E9002E5A49 /* FloorPlan-icon.png in Resources */,
				7F615AB31A5B138400AE281A /* Main.storyboard in Resources */,
				7F615AB81A5B138400AE281A /* LaunchScreen.xib in Resources */,
				7F7435C61A5D3FA300640C93 /* Detail-icon.png in Resources */,
				7F756E8E1A6689920011D040 /* MapDepartmentStore_old.sqlite in Resources */,
				7F4249DA1A6831A00008724D /* Point2-icon.png in Resources */,
				7F9FEB0B1A5BC49300C2EC3D /* Logo.png in Resources */,
				7F9FEB0A1A5BC49300C2EC3D /* Info-icon.png in Resources */,
				7F1E88DD1A948FDE00D94488 /* MapDepartmentStore.sqlite in Resources */,
				7F615AB51A5B138400AE281A /* Images.xcassets in Resources */,
				7F1E88F91A9640E700D94488 /* Rate-icon.png in Resources */,
				7F4249D81A68314A0008724D /* Point1-icon.png in Resources */,
			);
			runOnlyForDeploymentPostprocessing = 0;
		};
		7F615ABB1A5B138400AE281A /* Resources */ = {
			isa = PBXResourcesBuildPhase;
			buildActionMask = 2147483647;
			files = (
			);
			runOnlyForDeploymentPostprocessing = 0;
		};
/* End PBXResourcesBuildPhase section */

/* Begin PBXSourcesBuildPhase section */
		7F615AA01A5B138400AE281A /* Sources */ = {
			isa = PBXSourcesBuildPhase;
			buildActionMask = 2147483647;
			files = (
				7FFDEF471A67A05100C9D821 /* FavoriteTabBarViewController.m in Sources */,
				7F9FEB121A5BC95900C2EC3D /* OfflinePageTableViewController.m in Sources */,
				7F6EF5441A638097001C30D4 /* OfflineTabBarStoreViewController.m in Sources */,
				7F1E88EC1A95D2BC00D94488 /* OnlineFloorPlanViewController.m in Sources */,
				7F615AB01A5B138400AE281A /* ViewController.m in Sources */,
				7F1E89081A9644CC00D94488 /* OnlineRateViewController.m in Sources */,
				7F1E88EF1A95D30400D94488 /* OnlineCategoryViewController.m in Sources */,
				7FFDEF501A67A13C00C9D821 /* FavoriteContentViewController.m in Sources */,
				7FFDEF531A67A15200C9D821 /* FavoritePositionViewController.m in Sources */,
				7F6EF54A1A638160001C30D4 /* OfflineContentStoreViewController.m in Sources */,
				7FC4F9C41A5FE7BC002422BC /* OfflineFloorPlanViewController.m in Sources */,
				7F1E88E91A959D0500D94488 /* OnlineContentDSViewController.m in Sources */,
				7F62AFA01A5E83D80032F1FD /* OfflineCategoryViewController.m in Sources */,
				7F9FEB1A1A5BCD0C00C2EC3D /* FavoritePageTableViewController.m in Sources */,
				7F1E88E31A95932400D94488 /* OnlineTabBarDSViewController.m in Sources */,
				7F1E89051A96438D00D94488 /* OnlineContentStoreViewController.m in Sources */,
				7F615AAD1A5B138400AE281A /* AppDelegate.m in Sources */,
				7F1E88FC1A96418B00D94488 /* OnlineTabBarStoreViewController.m in Sources */,
				7F88F3F21A62C77F002E5A49 /* OfflineContentDSViewController.m in Sources */,
				7F615AAA1A5B138400AE281A /* main.m in Sources */,
				7F41617E1A98F28100425670 /* OfflinePositionViewController.m in Sources */,
				7F1E88FF1A96432700D94488 /* OnlineDetailStoreViewController.m in Sources */,
				7F1E88E61A959CD500D94488 /* OnlineImageDSViewController.m in Sources */,
				7F6EF54D1A6381B6001C30D4 /* OfflineImageStoreViewController.m in Sources */,
				7F9FEB161A5BCBB300C2EC3D /* OnlinePageTableViewController.m in Sources */,
				7F1E89021A96435F00D94488 /* OnlineImageStoreViewController.m in Sources */,
				7FFDEF4A1A67A07D00C9D821 /* FavoriteDetailViewController.m in Sources */,
				7F7435BF1A5D1F2500640C93 /* OfflineDetailDSViewController.m in Sources */,
				7F1E88E01A958D9800D94488 /* OnlineDetailDSViewController.m in Sources */,
				7F88F3EF1A62C733002E5A49 /* OfflineImageDSViewController.m in Sources */,
				7F7435C21A5D229400640C93 /* OfflineTabBarDSViewController.m in Sources */,
				7F6EF5471A6380E2001C30D4 /* OfflineDetailStoreViewController.m in Sources */,
				7FFDEF4D1A67A08E00C9D821 /* FavoriteImageViewController.m in Sources */,
			);
			runOnlyForDeploymentPostprocessing = 0;
		};
		7F615AB91A5B138400AE281A /* Sources */ = {
			isa = PBXSourcesBuildPhase;
			buildActionMask = 2147483647;
			files = (
				7F615AC41A5B138400AE281A /* ProjectMapDSTests.m in Sources */,
			);
			runOnlyForDeploymentPostprocessing = 0;
		};
/* End PBXSourcesBuildPhase section */

/* Begin PBXTargetDependency section */
		7F615ABF1A5B138400AE281A /* PBXTargetDependency */ = {
			isa = PBXTargetDependency;
			target = 7F615AA31A5B138400AE281A /* ProjectMapDS */;
			targetProxy = 7F615ABE1A5B138400AE281A /* PBXContainerItemProxy */;
		};
/* End PBXTargetDependency section */

/* Begin PBXVariantGroup section */
		7F615AB11A5B138400AE281A /* Main.storyboard */ = {
			isa = PBXVariantGroup;
			children = (
				7F615AB21A5B138400AE281A /* Base */,
			);
			name = Main.storyboard;
			sourceTree = "<group>";
		};
		7F615AB61A5B138400AE281A /* LaunchScreen.xib */ = {
			isa = PBXVariantGroup;
			children = (
				7F615AB71A5B138400AE281A /* Base */,
			);
			name = LaunchScreen.xib;
			sourceTree = "<group>";
		};
/* End PBXVariantGroup section */

/* Begin XCBuildConfiguration section */
		7F615AC51A5B138400AE281A /* Debug */ = {
			isa = XCBuildConfiguration;
			buildSettings = {
				ALWAYS_SEARCH_USER_PATHS = NO;
				CLANG_CXX_LANGUAGE_STANDARD = "gnu++0x";
				CLANG_CXX_LIBRARY = "libc++";
				CLANG_ENABLE_MODULES = YES;
				CLANG_ENABLE_OBJC_ARC = YES;
				CLANG_WARN_BOOL_CONVERSION = YES;
				CLANG_WARN_CONSTANT_CONVERSION = YES;
				CLANG_WARN_DIRECT_OBJC_ISA_USAGE = YES_ERROR;
				CLANG_WARN_EMPTY_BODY = YES;
				CLANG_WARN_ENUM_CONVERSION = YES;
				CLANG_WARN_INT_CONVERSION = YES;
				CLANG_WARN_OBJC_ROOT_CLASS = YES_ERROR;
				CLANG_WARN_UNREACHABLE_CODE = YES;
				CLANG_WARN__DUPLICATE_METHOD_MATCH = YES;
				"CODE_SIGN_IDENTITY[sdk=iphoneos*]" = "iPhone Developer";
				COPY_PHASE_STRIP = NO;
				ENABLE_STRICT_OBJC_MSGSEND = YES;
				GCC_C_LANGUAGE_STANDARD = gnu99;
				GCC_DYNAMIC_NO_PIC = NO;
				GCC_OPTIMIZATION_LEVEL = 0;
				GCC_PREPROCESSOR_DEFINITIONS = (
					"DEBUG=1",
					"$(inherited)",
				);
				GCC_SYMBOLS_PRIVATE_EXTERN = NO;
				GCC_WARN_64_TO_32_BIT_CONVERSION = YES;
				GCC_WARN_ABOUT_RETURN_TYPE = YES_ERROR;
				GCC_WARN_UNDECLARED_SELECTOR = YES;
				GCC_WARN_UNINITIALIZED_AUTOS = YES_AGGRESSIVE;
				GCC_WARN_UNUSED_FUNCTION = YES;
				GCC_WARN_UNUSED_VARIABLE = YES;
				IPHONEOS_DEPLOYMENT_TARGET = 8.1;
				MTL_ENABLE_DEBUG_INFO = YES;
				ONLY_ACTIVE_ARCH = YES;
				SDKROOT = iphoneos;
			};
			name = Debug;
		};
		7F615AC61A5B138400AE281A /* Release */ = {
			isa = XCBuildConfiguration;
			buildSettings = {
				ALWAYS_SEARCH_USER_PATHS = NO;
				CLANG_CXX_LANGUAGE_STANDARD = "gnu++0x";
				CLANG_CXX_LIBRARY = "libc++";
				CLANG_ENABLE_MODULES = YES;
				CLANG_ENABLE_OBJC_ARC = YES;
				CLANG_WARN_BOOL_CONVERSION = YES;
				CLANG_WARN_CONSTANT_CONVERSION = YES;
				CLANG_WARN_DIRECT_OBJC_ISA_USAGE = YES_ERROR;
				CLANG_WARN_EMPTY_BODY = YES;
				CLANG_WARN_ENUM_CONVERSION = YES;
				CLANG_WARN_INT_CONVERSION = YES;
				CLANG_WARN_OBJC_ROOT_CLASS = YES_ERROR;
				CLANG_WARN_UNREACHABLE_CODE = YES;
				CLANG_WARN__DUPLICATE_METHOD_MATCH = YES;
				"CODE_SIGN_IDENTITY[sdk=iphoneos*]" = "iPhone Developer";
				COPY_PHASE_STRIP = YES;
				ENABLE_NS_ASSERTIONS = NO;
				ENABLE_STRICT_OBJC_MSGSEND = YES;
				GCC_C_LANGUAGE_STANDARD = gnu99;
				GCC_WARN_64_TO_32_BIT_CONVERSION = YES;
				GCC_WARN_ABOUT_RETURN_TYPE = YES_ERROR;
				GCC_WARN_UNDECLARED_SELECTOR = YES;
				GCC_WARN_UNINITIALIZED_AUTOS = YES_AGGRESSIVE;
				GCC_WARN_UNUSED_FUNCTION = YES;
				GCC_WARN_UNUSED_VARIABLE = YES;
				IPHONEOS_DEPLOYMENT_TARGET = 8.1;
				MTL_ENABLE_DEBUG_INFO = NO;
				SDKROOT = iphoneos;
				VALIDATE_PRODUCT = YES;
			};
			name = Release;
		};
		7F615AC81A5B138400AE281A /* Debug */ = {
			isa = XCBuildConfiguration;
			buildSettings = {
				ASSETCATALOG_COMPILER_APPICON_NAME = AppIcon;
				CODE_SIGN_IDENTITY = "iPhone Developer";
				"CODE_SIGN_IDENTITY[sdk=iphoneos*]" = "iPhone Developer";
				INFOPLIST_FILE = ProjectMapDS/Info.plist;
				IPHONEOS_DEPLOYMENT_TARGET = 8.1;
				LD_RUNPATH_SEARCH_PATHS = "$(inherited) @executable_path/Frameworks";
				PRODUCT_NAME = "$(TARGET_NAME)";
				PROVISIONING_PROFILE = "";
			};
			name = Debug;
		};
		7F615AC91A5B138400AE281A /* Release */ = {
			isa = XCBuildConfiguration;
			buildSettings = {
				ASSETCATALOG_COMPILER_APPICON_NAME = AppIcon;
				CODE_SIGN_IDENTITY = "iPhone Developer";
				"CODE_SIGN_IDENTITY[sdk=iphoneos*]" = "iPhone Developer";
				INFOPLIST_FILE = ProjectMapDS/Info.plist;
				IPHONEOS_DEPLOYMENT_TARGET = 8.1;
				LD_RUNPATH_SEARCH_PATHS = "$(inherited) @executable_path/Frameworks";
				PRODUCT_NAME = "$(TARGET_NAME)";
				PROVISIONING_PROFILE = "";
			};
			name = Release;
		};
		7F615ACB1A5B138400AE281A /* Debug */ = {
			isa = XCBuildConfiguration;
			buildSettings = {
				BUNDLE_LOADER = "$(TEST_HOST)";
				FRAMEWORK_SEARCH_PATHS = (
					"$(SDKROOT)/Developer/Library/Frameworks",
					"$(inherited)",
				);
				GCC_PREPROCESSOR_DEFINITIONS = (
					"DEBUG=1",
					"$(inherited)",
				);
				INFOPLIST_FILE = ProjectMapDSTests/Info.plist;
				LD_RUNPATH_SEARCH_PATHS = "$(inherited) @executable_path/Frameworks @loader_path/Frameworks";
				PRODUCT_NAME = "$(TARGET_NAME)";
				TEST_HOST = "$(BUILT_PRODUCTS_DIR)/ProjectMapDS.app/ProjectMapDS";
			};
			name = Debug;
		};
		7F615ACC1A5B138400AE281A /* Release */ = {
			isa = XCBuildConfiguration;
			buildSettings = {
				BUNDLE_LOADER = "$(TEST_HOST)";
				FRAMEWORK_SEARCH_PATHS = (
					"$(SDKROOT)/Developer/Library/Frameworks",
					"$(inherited)",
				);
				INFOPLIST_FILE = ProjectMapDSTests/Info.plist;
				LD_RUNPATH_SEARCH_PATHS = "$(inherited) @executable_path/Frameworks @loader_path/Frameworks";
				PRODUCT_NAME = "$(TARGET_NAME)";
				TEST_HOST = "$(BUILT_PRODUCTS_DIR)/ProjectMapDS.app/ProjectMapDS";
			};
			name = Release;
		};
/* End XCBuildConfiguration section */

/* Begin XCConfigurationList section */
		7F615A9F1A5B138400AE281A /* Build configuration list for PBXProject "ProjectMapDS" */ = {
			isa = XCConfigurationList;
			buildConfigurations = (
				7F615AC51A5B138400AE281A /* Debug */,
				7F615AC61A5B138400AE281A /* Release */,
			);
			defaultConfigurationIsVisible = 0;
			defaultConfigurationName = Release;
		};
		7F615AC71A5B138400AE281A /* Build configuration list for PBXNativeTarget "ProjectMapDS" */ = {
			isa = XCConfigurationList;
			buildConfigurations = (
				7F615AC81A5B138400AE281A /* Debug */,
				7F615AC91A5B138400AE281A /* Release */,
			);
			defaultConfigurationIsVisible = 0;
			defaultConfigurationName = Release;
		};
		7F615ACA1A5B138400AE281A /* Build configuration list for PBXNativeTarget "ProjectMapDSTests" */ = {
			isa = XCConfigurationList;
			buildConfigurations = (
				7F615ACB1A5B138400AE281A /* Debug */,
				7F615ACC1A5B138400AE281A /* Release */,
			);
			defaultConfigurationIsVisible = 0;
			defaultConfigurationName = Release;
		};
/* End XCConfigurationList section */
	};
	rootObject = 7F615A9C1A5B138400AE281A /* Project object */;
}
